# This file is @generated by PDM.
# It is not intended for manual editing.

[metadata]
groups = ["default"]
strategy = []
lock_version = "4.5.0"
content_hash = "sha256:7383d912c4fbac8c513a3bd4e3b6b3e4248424f782b4c937cb1ca967a32048a9"

[[metadata.targets]]
requires_python = ">=3.11"

[[package]]
name = "dill"
version = "0.4.0"
requires_python = ">=3.8"
summary = "serialize all of Python"
files = [
    {file = "dill-0.4.0-py3-none-any.whl", hash = "sha256:44f54bf6412c2c8464c14e8243eb163690a9800dbe2c367330883b19c7561049"},
    {file = "dill-0.4.0.tar.gz", hash = "sha256:0633f1d2df477324f53a895b02c901fb961bdbf65a17122586ea7019292cbcf0"},
]

[[package]]
name = "multiprocess"
version = "0.70.18"
requires_python = ">=3.8"
summary = "better multiprocessing and multithreading in Python"
dependencies = [
    "dill>=0.4.0",
]
files = [
    {file = "multiprocess-0.70.18-pp311-pypy311_pp73-macosx_10_15_x86_64.whl", hash = "sha256:8b8940ae30139e04b076da6c5b83e9398585ebdf0f2ad3250673fef5b2ff06d6"},
    {file = "multiprocess-0.70.18-pp311-pypy311_pp73-macosx_11_0_arm64.whl", hash = "sha256:0929ba95831adb938edbd5fb801ac45e705ecad9d100b3e653946b7716cb6bd3"},
    {file = "multiprocess-0.70.18-pp311-pypy311_pp73-manylinux_2_28_x86_64.whl", hash = "sha256:4d77f8e4bfe6c6e2e661925bbf9aed4d5ade9a1c6502d5dfc10129b9d1141797"},
    {file = "multiprocess-0.70.18-py311-none-any.whl", hash = "sha256:5aa6eef98e691281b3ad923be2832bf1c55dd2c859acd73e5ec53a66aae06a1d"},
    {file = "multiprocess-0.70.18-py312-none-any.whl", hash = "sha256:9b78f8e5024b573730bfb654783a13800c2c0f2dfc0c25e70b40d184d64adaa2"},
    {file = "multiprocess-0.70.18-py313-none-any.whl", hash = "sha256:871743755f43ef57d7910a38433cfe41319e72be1bbd90b79c7a5ac523eb9334"},
    {file = "multiprocess-0.70.18.tar.gz", hash = "sha256:f9597128e6b3e67b23956da07cf3d2e5cba79e2f4e0fba8d7903636663ec6d0d"},
]

[[package]]
name = "nbt"
version = "1.5.1"
summary = "Named Binary Tag Reader/Writer"
files = [
    {file = "NBT-1.5.1-py2.py3-none-any.whl", hash = "sha256:1503314d0374b983642f9f219890330ce19d9d85966a28bdb6bef1fb17c4c2c0"},
    {file = "NBT-1.5.1.tar.gz", hash = "sha256:da3bb2137605cb9dfe7446f13f19b3ae7faf920d430a387fb78efde27f6636c5"},
]
